
Microsoft Visual Studio Solution File, Format Version 12.00
# Visual Studio 2012
Project("{FAE04EC0-301F-11D3-BF4B-00C04F79EFBC}") = "socketExample", "socketExample\socketExample.csproj", "{AF782147-E79A-4C62-B8A7-1E1715D0203F}"
EndProject
Project("{2150E333-8FDC-42A3-9474-1A3956D46DE8}") = "Solution Items", "Solution Items", "{DC970368-03A9-466B-A193-1BFD034A4E67}"
	ProjectSection(SolutionItems) = preProject
		readme.md = readme.md
	EndProjectSection
EndProject
Project("{FAE04EC0-301F-11D3-BF4B-00C04F79EFBC}") = "SocketExempleClient", "SocketExempleClient\SocketExempleClient.csproj", "{996F6B30-4C6A-4AD9-AFC5-13899D05C2B3}"
EndProject
Global
	GlobalSection(SolutionConfigurationPlatforms) = preSolution
		Debug|Any CPU = Debug|Any CPU
		Release|Any CPU = Release|Any CPU
	EndGlobalSection
	GlobalSection(ProjectConfigurationPlatforms) = postSolution
		{AF782147-E79A-4C62-B8A7-1E1715D0203F}.Debug|Any CPU.ActiveCfg = Debug|Any CPU
		{AF782147-E79A-4C62-B8A7-1E1715D0203F}.Debug|Any CPU.Build.0 = Debug|Any CPU
		{AF782147-E79A-4C62-B8A7-1E1715D0203F}.Release|Any CPU.ActiveCfg = Release|Any CPU
		{AF782147-E79A-4C62-B8A7-1E1715D0203F}.Release|Any CPU.Build.0 = Release|Any CPU
		{996F6B30-4C6A-4AD9-AFC5-13899D05C2B3}.Debug|Any CPU.ActiveCfg = Debug|Any CPU
		{996F6B30-4C6A-4AD9-AFC5-13899D05C2B3}.Debug|Any CPU.Build.0 = Debug|Any CPU
		{996F6B30-4C6A-4AD9-AFC5-13899D05C2B3}.Release|Any CPU.ActiveCfg = Release|Any CPU
		{996F6B30-4C6A-4AD9-AFC5-13899D05C2B3}.Release|Any CPU.Build.0 = Release|Any CPU
	EndGlobalSection
EndGlobal
